
Microsoft Visual Studio Solution File, Format Version 12.00
# Visual Studio Version 17
VisualStudioVersion = 17.0.31903.59
MinimumVisualStudioVersion = 10.0.40219.1
Project("{2150E333-8FDC-42A3-9474-1A3956D46DE8}") = "cms", "cms", "{DB2BF6A9-A501-4F6A-AF05-06E7A5B74B5F}"
EndProject
Project("{2150E333-8FDC-42A3-9474-1A3956D46DE8}") = "src", "src", "{11D5CB98-A4C2-45E2-99F7-A6DB7E6C6909}"
EndProject
Project("{FAE04EC0-301F-11D3-BF4B-00C04F79EFBC}") = "Website.Api", "cms\src\Website.Api\Website.Api.csproj", "{DF5F6894-2768-44D0-9E58-2E31D2B7F4CF}"
EndProject
Project("{FAE04EC0-301F-11D3-BF4B-00C04F79EFBC}") = "Website.Application", "cms\src\Website.Application\Website.Application.csproj", "{57FF54C1-2985-4979-BA6D-B8DD11CB0BC2}"
EndProject
Project("{FAE04EC0-301F-11D3-BF4B-00C04F79EFBC}") = "Website.Common", "cms\src\Website.Common\Website.Common.csproj", "{E4389972-CCA2-4451-AD64-170B738B07BF}"
EndProject
Project("{FAE04EC0-301F-11D3-BF4B-00C04F79EFBC}") = "Website.Domain", "cms\src\Website.Domain\Website.Domain.csproj", "{836603A3-4DEA-4DDE-ACC5-46899A4FA8A1}"
EndProject
Project("{FAE04EC0-301F-11D3-BF4B-00C04F79EFBC}") = "Website.Infrastructure", "cms\src\Website.Infrastructure\Website.Infrastructure.csproj", "{519C95E3-49F3-4247-95A9-83232F48FE88}"
EndProject
Project("{FAE04EC0-301F-11D3-BF4B-00C04F79EFBC}") = "Website.Services", "cms\src\Website.Services\Website.Services.csproj", "{E915E335-1EBA-4CF4-A567-6B2322764A14}"
EndProject
Global
	GlobalSection(SolutionConfigurationPlatforms) = preSolution
		Debug|Any CPU = Debug|Any CPU
		Release|Any CPU = Release|Any CPU
	EndGlobalSection
	GlobalSection(SolutionProperties) = preSolution
		HideSolutionNode = FALSE
	EndGlobalSection
	GlobalSection(ProjectConfigurationPlatforms) = postSolution
		{DF5F6894-2768-44D0-9E58-2E31D2B7F4CF}.Debug|Any CPU.ActiveCfg = Debug|Any CPU
		{DF5F6894-2768-44D0-9E58-2E31D2B7F4CF}.Debug|Any CPU.Build.0 = Debug|Any CPU
		{DF5F6894-2768-44D0-9E58-2E31D2B7F4CF}.Release|Any CPU.ActiveCfg = Release|Any CPU
		{DF5F6894-2768-44D0-9E58-2E31D2B7F4CF}.Release|Any CPU.Build.0 = Release|Any CPU
		{57FF54C1-2985-4979-BA6D-B8DD11CB0BC2}.Debug|Any CPU.ActiveCfg = Debug|Any CPU
		{57FF54C1-2985-4979-BA6D-B8DD11CB0BC2}.Debug|Any CPU.Build.0 = Debug|Any CPU
		{57FF54C1-2985-4979-BA6D-B8DD11CB0BC2}.Release|Any CPU.ActiveCfg = Release|Any CPU
		{57FF54C1-2985-4979-BA6D-B8DD11CB0BC2}.Release|Any CPU.Build.0 = Release|Any CPU
		{E4389972-CCA2-4451-AD64-170B738B07BF}.Debug|Any CPU.ActiveCfg = Debug|Any CPU
		{E4389972-CCA2-4451-AD64-170B738B07BF}.Debug|Any CPU.Build.0 = Debug|Any CPU
		{E4389972-CCA2-4451-AD64-170B738B07BF}.Release|Any CPU.ActiveCfg = Release|Any CPU
		{E4389972-CCA2-4451-AD64-170B738B07BF}.Release|Any CPU.Build.0 = Release|Any CPU
		{836603A3-4DEA-4DDE-ACC5-46899A4FA8A1}.Debug|Any CPU.ActiveCfg = Debug|Any CPU
		{836603A3-4DEA-4DDE-ACC5-46899A4FA8A1}.Debug|Any CPU.Build.0 = Debug|Any CPU
		{836603A3-4DEA-4DDE-ACC5-46899A4FA8A1}.Release|Any CPU.ActiveCfg = Release|Any CPU
		{836603A3-4DEA-4DDE-ACC5-46899A4FA8A1}.Release|Any CPU.Build.0 = Release|Any CPU
		{519C95E3-49F3-4247-95A9-83232F48FE88}.Debug|Any CPU.ActiveCfg = Debug|Any CPU
		{519C95E3-49F3-4247-95A9-83232F48FE88}.Debug|Any CPU.Build.0 = Debug|Any CPU
		{519C95E3-49F3-4247-95A9-83232F48FE88}.Release|Any CPU.ActiveCfg = Release|Any CPU
		{519C95E3-49F3-4247-95A9-83232F48FE88}.Release|Any CPU.Build.0 = Release|Any CPU
		{E915E335-1EBA-4CF4-A567-6B2322764A14}.Debug|Any CPU.ActiveCfg = Debug|Any CPU
		{E915E335-1EBA-4CF4-A567-6B2322764A14}.Debug|Any CPU.Build.0 = Debug|Any CPU
		{E915E335-1EBA-4CF4-A567-6B2322764A14}.Release|Any CPU.ActiveCfg = Release|Any CPU
		{E915E335-1EBA-4CF4-A567-6B2322764A14}.Release|Any CPU.Build.0 = Release|Any CPU
	EndGlobalSection
	GlobalSection(NestedProjects) = preSolution
		{11D5CB98-A4C2-45E2-99F7-A6DB7E6C6909} = {DB2BF6A9-A501-4F6A-AF05-06E7A5B74B5F}
		{DF5F6894-2768-44D0-9E58-2E31D2B7F4CF} = {11D5CB98-A4C2-45E2-99F7-A6DB7E6C6909}
		{57FF54C1-2985-4979-BA6D-B8DD11CB0BC2} = {11D5CB98-A4C2-45E2-99F7-A6DB7E6C6909}
		{E4389972-CCA2-4451-AD64-170B738B07BF} = {11D5CB98-A4C2-45E2-99F7-A6DB7E6C6909}
		{836603A3-4DEA-4DDE-ACC5-46899A4FA8A1} = {11D5CB98-A4C2-45E2-99F7-A6DB7E6C6909}
		{519C95E3-49F3-4247-95A9-83232F48FE88} = {11D5CB98-A4C2-45E2-99F7-A6DB7E6C6909}
		{E915E335-1EBA-4CF4-A567-6B2322764A14} = {11D5CB98-A4C2-45E2-99F7-A6DB7E6C6909}
	EndGlobalSection
EndGlobal
